<?xml version="1.0" encoding="utf-8"?>
<Project ToolsVersion="4.0" xmlns="http://schemas.microsoft.com/developer/msbuild/2003">
  <ItemGroup>
    <ClCompile Include="2.cpp" />
    <ClCompile Include="3.cpp" />
    <ClCompile Include="4.cpp" />
    <ClCompile Include="5news.cpp" />
    <ClCompile Include="6board.cpp" />
    <ClCompile Include="kakaofriend.cpp" />
    <ClCompile Include="shuttleBus.cpp" />
    <ClCompile Include="stdfunction.cpp" />
    <ClCompile Include="compression.cpp" />
  </ItemGroup>
</Project>